// !$*UTF8*$!
{
	archiveVersion = 1;
	classes = {
	};
	objectVersion = 46;
	objects = {

/* Begin PBXBuildFile section */
		203EEF9B793A8D03F3F9C1EB /* Pods_iOS_lab2.framework in Frameworks */ = {isa = PBXBuildFile; fileRef = 0F549537F643A67C06D38E93 /* Pods_iOS_lab2.framework */; };
		84CF50D71FF2AC1F008840A0 /* Localizable.strings in Resources */ = {isa = PBXBuildFile; fileRef = 84CF50D91FF2AC1F008840A0 /* Localizable.strings */; };
		84F3D4B41FF01E5C0045544C /* AppDelegate.swift in Sources */ = {isa = PBXBuildFile; fileRef = 84F3D4B31FF01E5C0045544C /* AppDelegate.swift */; };
		84F3D4B61FF01E5C0045544C /* ViewController.swift in Sources */ = {isa = PBXBuildFile; fileRef = 84F3D4B51FF01E5C0045544C /* ViewController.swift */; };
		84F3D4B91FF01E5D0045544C /* Main.storyboard in Resources */ = {isa = PBXBuildFile; fileRef = 84F3D4B71FF01E5D0045544C /* Main.storyboard */; };
		84F3D4BC1FF01E5D0045544C /* iOS_lab2.xcdatamodeld in Sources */ = {isa = PBXBuildFile; fileRef = 84F3D4BA1FF01E5D0045544C /* iOS_lab2.xcdatamodeld */; };
		84F3D4BE1FF01E5D0045544C /* Assets.xcassets in Resources */ = {isa = PBXBuildFile; fileRef = 84F3D4BD1FF01E5D0045544C /* Assets.xcassets */; };
		84F3D4C11FF01E5D0045544C /* LaunchScreen.storyboard in Resources */ = {isa = PBXBuildFile; fileRef = 84F3D4BF1FF01E5D0045544C /* LaunchScreen.storyboard */; };
		84F3D4C91FF01F4E0045544C /* MessageTableViewCell.swift in Sources */ = {isa = PBXBuildFile; fileRef = 84F3D4C81FF01F4E0045544C /* MessageTableViewCell.swift */; };
		84F3D4CB1FF020E90045544C /* MessageTableViewController.swift in Sources */ = {isa = PBXBuildFile; fileRef = 84F3D4CA1FF020E90045544C /* MessageTableViewController.swift */; };
		84F3D4CF1FF022820045544C /* Message.swift in Sources */ = {isa = PBXBuildFile; fileRef = 84F3D4CE1FF022810045544C /* Message.swift */; };
/* End PBXBuildFile section */

/* Begin PBXFileReference section */
		0F549537F643A67C06D38E93 /* Pods_iOS_lab2.framework */ = {isa = PBXFileReference; explicitFileType = wrapper.framework; includeInIndex = 0; path = Pods_iOS_lab2.framework; sourceTree = BUILT_PRODUCTS_DIR; };
		44E678E523288A8ED8A03355 /* Pods-iOS_lab2.release.xcconfig */ = {isa = PBXFileReference; includeInIndex = 1; lastKnownFileType = text.xcconfig; name = "Pods-iOS_lab2.release.xcconfig"; path = "Pods/Target Support Files/Pods-iOS_lab2/Pods-iOS_lab2.release.xcconfig"; sourceTree = "<group>"; };
		84CF50D81FF2AC1F008840A0 /* en */ = {isa = PBXFileReference; lastKnownFileType = text.plist.strings; name = en; path = en.lproj/Localizable.strings; sourceTree = "<group>"; };
		84CF50DA1FF2AC4E008840A0 /* pl */ = {isa = PBXFileReference; lastKnownFileType = text.plist.strings; name = pl; path = pl.lproj/Main.strings; sourceTree = "<group>"; };
		84CF50DB1FF2AC4F008840A0 /* pl */ = {isa = PBXFileReference; lastKnownFileType = text.plist.strings; name = pl; path = pl.lproj/LaunchScreen.strings; sourceTree = "<group>"; };
		84CF50DC1FF2AC4F008840A0 /* pl */ = {isa = PBXFileReference; lastKnownFileType = text.plist.strings; name = pl; path = pl.lproj/Localizable.strings; sourceTree = "<group>"; };
		84F3D4B01FF01E5C0045544C /* iOS_lab2.app */ = {isa = PBXFileReference; explicitFileType = wrapper.application; includeInIndex = 0; path = iOS_lab2.app; sourceTree = BUILT_PRODUCTS_DIR; };
		84F3D4B31FF01E5C0045544C /* AppDelegate.swift */ = {isa = PBXFileReference; lastKnownFileType = sourcecode.swift; path = AppDelegate.swift; sourceTree = "<group>"; };
		84F3D4B51FF01E5C0045544C /* ViewController.swift */ = {isa = PBXFileReference; lastKnownFileType = sourcecode.swift; path = ViewController.swift; sourceTree = "<group>"; };
		84F3D4B81FF01E5D0045544C /* Base */ = {isa = PBXFileReference; lastKnownFileType = file.storyboard; name = Base; path = Base.lproj/Main.storyboard; sourceTree = "<group>"; };
		84F3D4BB1FF01E5D0045544C /* iOS_lab2.xcdatamodel */ = {isa = PBXFileReference; lastKnownFileType = wrapper.xcdatamodel; path = iOS_lab2.xcdatamodel; sourceTree = "<group>"; };
		84F3D4BD1FF01E5D0045544C /* Assets.xcassets */ = {isa = PBXFileReference; lastKnownFileType = folder.assetcatalog; path = Assets.xcassets; sourceTree = "<group>"; };
		84F3D4C01FF01E5D0045544C /* Base */ = {isa = PBXFileReference; lastKnownFileType = file.storyboard; name = Base; path = Base.lproj/LaunchScreen.storyboard; sourceTree = "<group>"; };
		84F3D4C21FF01E5D0045544C /* Info.plist */ = {isa = PBXFileReference; lastKnownFileType = text.plist.xml; path = Info.plist; sourceTree = "<group>"; };
		84F3D4C81FF01F4E0045544C /* MessageTableViewCell.swift */ = {isa = PBXFileReference; fileEncoding = 4; lastKnownFileType = sourcecode.swift; path = MessageTableViewCell.swift; sourceTree = "<group>"; };
		84F3D4CA1FF020E90045544C /* MessageTableViewController.swift */ = {isa = PBXFileReference; fileEncoding = 4; lastKnownFileType = sourcecode.swift; path = MessageTableViewController.swift; sourceTree = "<group>"; };
		84F3D4CE1FF022810045544C /* Message.swift */ = {isa = PBXFileReference; fileEncoding = 4; lastKnownFileType = sourcecode.swift; path = Message.swift; sourceTree = "<group>"; };
		C91DD05A617A8820FD2EC7AD /* Pods-iOS_lab2.debug.xcconfig */ = {isa = PBXFileReference; includeInIndex = 1; lastKnownFileType = text.xcconfig; name = "Pods-iOS_lab2.debug.xcconfig"; path = "Pods/Target Support Files/Pods-iOS_lab2/Pods-iOS_lab2.debug.xcconfig"; sourceTree = "<group>"; };
/* End PBXFileReference section */

/* Begin PBXFrameworksBuildPhase section */
		84F3D4AD1FF01E5B0045544C /* Frameworks */ = {
			isa = PBXFrameworksBuildPhase;
			buildActionMask = 2147483647;
			files = (
				203EEF9B793A8D03F3F9C1EB /* Pods_iOS_lab2.framework in Frameworks */,
			);
			runOnlyForDeploymentPostprocessing = 0;
		};
/* End PBXFrameworksBuildPhase section */

/* Begin PBXGroup section */
		7F26741247DB9D545E0B4883 /* Pods */ = {
			isa = PBXGroup;
			children = (
				C91DD05A617A8820FD2EC7AD /* Pods-iOS_lab2.debug.xcconfig */,
				44E678E523288A8ED8A03355 /* Pods-iOS_lab2.release.xcconfig */,
			);
			name = Pods;
			sourceTree = "<group>";
		};
		84F3D4A71FF01E5B0045544C = {
			isa = PBXGroup;
			children = (
				84F3D4CE1FF022810045544C /* Message.swift */,
				84F3D4B21FF01E5C0045544C /* iOS_lab2 */,
				84F3D4B11FF01E5C0045544C /* Products */,
				7F26741247DB9D545E0B4883 /* Pods */,
				D42BC43D2CACE7DE8715C25C /* Frameworks */,
			);
			sourceTree = "<group>";
		};
		84F3D4B11FF01E5C0045544C /* Products */ = {
			isa = PBXGroup;
			children = (
				84F3D4B01FF01E5C0045544C /* iOS_lab2.app */,
			);
			name = Products;
			sourceTree = "<group>";
		};
		84F3D4B21FF01E5C0045544C /* iOS_lab2 */ = {
			isa = PBXGroup;
			children = (
				84F3D4B31FF01E5C0045544C /* AppDelegate.swift */,
				84F3D4B51FF01E5C0045544C /* ViewController.swift */,
				84F3D4B71FF01E5D0045544C /* Main.storyboard */,
				84F3D4CA1FF020E90045544C /* MessageTableViewController.swift */,
				84F3D4C81FF01F4E0045544C /* MessageTableViewCell.swift */,
				84F3D4BD1FF01E5D0045544C /* Assets.xcassets */,
				84F3D4BF1FF01E5D0045544C /* LaunchScreen.storyboard */,
				84F3D4C21FF01E5D0045544C /* Info.plist */,
				84F3D4BA1FF01E5D0045544C /* iOS_lab2.xcdatamodeld */,
				84CF50D91FF2AC1F008840A0 /* Localizable.strings */,
			);
			path = iOS_lab2;
			sourceTree = "<group>";
		};
		D42BC43D2CACE7DE8715C25C /* Frameworks */ = {
			isa = PBXGroup;
			children = (
				0F549537F643A67C06D38E93 /* Pods_iOS_lab2.framework */,
			);
			name = Frameworks;
			sourceTree = "<group>";
		};
/* End PBXGroup section */

/* Begin PBXNativeTarget section */
		84F3D4AF1FF01E5B0045544C /* iOS_lab2 */ = {
			isa = PBXNativeTarget;
			buildConfigurationList = 84F3D4C51FF01E5D0045544C /* Build configuration list for PBXNativeTarget "iOS_lab2" */;
			buildPhases = (
				756B7118244D34A85405E29F /* [CP] Check Pods Manifest.lock */,
				84F3D4AC1FF01E5B0045544C /* Sources */,
				84F3D4AD1FF01E5B0045544C /* Frameworks */,
				84F3D4AE1FF01E5B0045544C /* Resources */,
				69ABD6A4A9723120BA6F2BDE /* [CP] Embed Pods Frameworks */,
				CF7D8C73F5654B2A6F723423 /* [CP] Copy Pods Resources */,
			);
			buildRules = (
			);
			dependencies = (
			);
			name = iOS_lab2;
			productName = iOS_lab2;
			productReference = 84F3D4B01FF01E5C0045544C /* iOS_lab2.app */;
			productType = "com.apple.product-type.application";
		};
/* End PBXNativeTarget section */

/* Begin PBXProject section */
		84F3D4A81FF01E5B0045544C /* Project object */ = {
			isa = PBXProject;
			attributes = {
				LastSwiftUpdateCheck = 0820;
				LastUpgradeCheck = 0820;
				ORGANIZATIONNAME = Admin;
				TargetAttributes = {
					84F3D4AF1FF01E5B0045544C = {
						CreatedOnToolsVersion = 8.2.1;
						ProvisioningStyle = Automatic;
					};
				};
			};
			buildConfigurationList = 84F3D4AB1FF01E5B0045544C /* Build configuration list for PBXProject "iOS_lab2" */;
			compatibilityVersion = "Xcode 3.2";
			developmentRegion = English;
			hasScannedForEncodings = 0;
			knownRegions = (
				en,
				Base,
				pl,
			);
			mainGroup = 84F3D4A71FF01E5B0045544C;
			productRefGroup = 84F3D4B11FF01E5C0045544C /* Products */;
			projectDirPath = "";
			projectRoot = "";
			targets = (
				84F3D4AF1FF01E5B0045544C /* iOS_lab2 */,
			);
		};
/* End PBXProject section */

/* Begin PBXResourcesBuildPhase section */
		84F3D4AE1FF01E5B0045544C /* Resources */ = {
			isa = PBXResourcesBuildPhase;
			buildActionMask = 2147483647;
			files = (
				84F3D4C11FF01E5D0045544C /* LaunchScreen.storyboard in Resources */,
				84CF50D71FF2AC1F008840A0 /* Localizable.strings in Resources */,
				84F3D4BE1FF01E5D0045544C /* Assets.xcassets in Resources */,
				84F3D4B91FF01E5D0045544C /* Main.storyboard in Resources */,
			);
			runOnlyForDeploymentPostprocessing = 0;
		};
/* End PBXResourcesBuildPhase section */

/* Begin PBXShellScriptBuildPhase section */
		69ABD6A4A9723120BA6F2BDE /* [CP] Embed Pods Frameworks */ = {
			isa = PBXShellScriptBuildPhase;
			buildActionMask = 2147483647;
			files = (
			);
			inputPaths = (
				"${SRCROOT}/Pods/Target Support Files/Pods-iOS_lab2/Pods-iOS_lab2-frameworks.sh",
				"${BUILT_PRODUCTS_DIR}/Alamofire/Alamofire.framework",
				"${BUILT_PRODUCTS_DIR}/DGElasticPullToRefresh/DGElasticPullToRefresh.framework",
			);
			name = "[CP] Embed Pods Frameworks";
			outputPaths = (
				"${TARGET_BUILD_DIR}/${FRAMEWORKS_FOLDER_PATH}/Alamofire.framework",
				"${TARGET_BUILD_DIR}/${FRAMEWORKS_FOLDER_PATH}/DGElasticPullToRefresh.framework",
			);
			runOnlyForDeploymentPostprocessing = 0;
			shellPath = /bin/sh;
			shellScript = "\"${SRCROOT}/Pods/Target Support Files/Pods-iOS_lab2/Pods-iOS_lab2-frameworks.sh\"\n";
			showEnvVarsInLog = 0;
		};
		756B7118244D34A85405E29F /* [CP] Check Pods Manifest.lock */ = {
			isa = PBXShellScriptBuildPhase;
			buildActionMask = 2147483647;
			files = (
			);
			inputPaths = (
				"${PODS_PODFILE_DIR_PATH}/Podfile.lock",
				"${PODS_ROOT}/Manifest.lock",
			);
			name = "[CP] Check Pods Manifest.lock";
			outputPaths = (
				"$(DERIVED_FILE_DIR)/Pods-iOS_lab2-checkManifestLockResult.txt",
			);
			runOnlyForDeploymentPostprocessing = 0;
			shellPath = /bin/sh;
			shellScript = "diff \"${PODS_PODFILE_DIR_PATH}/Podfile.lock\" \"${PODS_ROOT}/Manifest.lock\" > /dev/null\nif [ $? != 0 ] ; then\n    # print error to STDERR\n    echo \"error: The sandbox is not in sync with the Podfile.lock. Run 'pod install' or update your CocoaPods installation.\" >&2\n    exit 1\nfi\n# This output is used by Xcode 'outputs' to avoid re-running this script phase.\necho \"SUCCESS\" > \"${SCRIPT_OUTPUT_FILE_0}\"\n";
			showEnvVarsInLog = 0;
		};
		CF7D8C73F5654B2A6F723423 /* [CP] Copy Pods Resources */ = {
			isa = PBXShellScriptBuildPhase;
			buildActionMask = 2147483647;
			files = (
			);
			inputPaths = (
			);
			name = "[CP] Copy Pods Resources";
			outputPaths = (
			);
			runOnlyForDeploymentPostprocessing = 0;
			shellPath = /bin/sh;
			shellScript = "\"${SRCROOT}/Pods/Target Support Files/Pods-iOS_lab2/Pods-iOS_lab2-resources.sh\"\n";
			showEnvVarsInLog = 0;
		};
/* End PBXShellScriptBuildPhase section */

/* Begin PBXSourcesBuildPhase section */
		84F3D4AC1FF01E5B0045544C /* Sources */ = {
			isa = PBXSourcesBuildPhase;
			buildActionMask = 2147483647;
			files = (
				84F3D4BC1FF01E5D0045544C /* iOS_lab2.xcdatamodeld in Sources */,
				84F3D4C91FF01F4E0045544C /* MessageTableViewCell.swift in Sources */,
				84F3D4CB1FF020E90045544C /* MessageTableViewController.swift in Sources */,
				84F3D4CF1FF022820045544C /* Message.swift in Sources */,
				84F3D4B61FF01E5C0045544C /* ViewController.swift in Sources */,
				84F3D4B41FF01E5C0045544C /* AppDelegate.swift in Sources */,
			);
			runOnlyForDeploymentPostprocessing = 0;
		};
/* End PBXSourcesBuildPhase section */

/* Begin PBXVariantGroup section */
		84CF50D91FF2AC1F008840A0 /* Localizable.strings */ = {
			isa = PBXVariantGroup;
			children = (
				84CF50D81FF2AC1F008840A0 /* en */,
				84CF50DC1FF2AC4F008840A0 /* pl */,
			);
			name = Localizable.strings;
			sourceTree = "<group>";
		};
		84F3D4B71FF01E5D0045544C /* Main.storyboard */ = {
			isa = PBXVariantGroup;
			children = (
				84F3D4B81FF01E5D0045544C /* Base */,
				84CF50DA1FF2AC4E008840A0 /* pl */,
			);
			name = Main.storyboard;
			sourceTree = "<group>";
		};
		84F3D4BF1FF01E5D0045544C /* LaunchScreen.storyboard */ = {
			isa = PBXVariantGroup;
			children = (
				84F3D4C01FF01E5D0045544C /* Base */,
				84CF50DB1FF2AC4F008840A0 /* pl */,
			);
			name = LaunchScreen.storyboard;
			sourceTree = "<group>";
		};
/* End PBXVariantGroup section */

/* Begin XCBuildConfiguration section */
		84F3D4C31FF01E5D0045544C /* Debug */ = {
			isa = XCBuildConfiguration;
			buildSettings = {
				ALWAYS_SEARCH_USER_PATHS = NO;
				CLANG_ANALYZER_LOCALIZABILITY_NONLOCALIZED = YES;
				CLANG_ANALYZER_NONNULL = YES;
				CLANG_CXX_LANGUAGE_STANDARD = "gnu++0x";
				CLANG_CXX_LIBRARY = "libc++";
				CLANG_ENABLE_MODULES = YES;
				CLANG_ENABLE_OBJC_ARC = YES;
				CLANG_WARN_BOOL_CONVERSION = YES;
				CLANG_WARN_CONSTANT_CONVERSION = YES;
				CLANG_WARN_DIRECT_OBJC_ISA_USAGE = YES_ERROR;
				CLANG_WARN_DOCUMENTATION_COMMENTS = YES;
				CLANG_WARN_EMPTY_BODY = YES;
				CLANG_WARN_ENUM_CONVERSION = YES;
				CLANG_WARN_INFINITE_RECURSION = YES;
				CLANG_WARN_INT_CONVERSION = YES;
				CLANG_WARN_OBJC_ROOT_CLASS = YES_ERROR;
				CLANG_WARN_SUSPICIOUS_MOVE = YES;
				CLANG_WARN_UNREACHABLE_CODE = YES;
				CLANG_WARN__DUPLICATE_METHOD_MATCH = YES;
				"CODE_SIGN_IDENTITY[sdk=iphoneos*]" = "iPhone Developer";
				COPY_PHASE_STRIP = NO;
				DEBUG_INFORMATION_FORMAT = dwarf;
				ENABLE_STRICT_OBJC_MSGSEND = YES;
				ENABLE_TESTABILITY = YES;
				GCC_C_LANGUAGE_STANDARD = gnu99;
				GCC_DYNAMIC_NO_PIC = NO;
				GCC_NO_COMMON_BLOCKS = YES;
				GCC_OPTIMIZATION_LEVEL = 0;
				GCC_PREPROCESSOR_DEFINITIONS = (
					"DEBUG=1",
					"$(inherited)",
				);
				GCC_WARN_64_TO_32_BIT_CONVERSION = YES;
				GCC_WARN_ABOUT_RETURN_TYPE = YES_ERROR;
				GCC_WARN_UNDECLARED_SELECTOR = YES;
				GCC_WARN_UNINITIALIZED_AUTOS = YES_AGGRESSIVE;
				GCC_WARN_UNUSED_FUNCTION = YES;
				GCC_WARN_UNUSED_VARIABLE = YES;
				IPHONEOS_DEPLOYMENT_TARGET = 10.2;
				MTL_ENABLE_DEBUG_INFO = YES;
				ONLY_ACTIVE_ARCH = YES;
				SDKROOT = iphoneos;
				SWIFT_ACTIVE_COMPILATION_CONDITIONS = DEBUG;
				SWIFT_OPTIMIZATION_LEVEL = "-Onone";
				TARGETED_DEVICE_FAMILY = "1,2";
			};
			name = Debug;
		};
		84F3D4C41FF01E5D0045544C /* Release */ = {
			isa = XCBuildConfiguration;
			buildSettings = {
				ALWAYS_SEARCH_USER_PATHS = NO;
				CLANG_ANALYZER_LOCALIZABILITY_NONLOCALIZED = YES;
				CLANG_ANALYZER_NONNULL = YES;
				CLANG_CXX_LANGUAGE_STANDARD = "gnu++0x";
				CLANG_CXX_LIBRARY = "libc++";
				CLANG_ENABLE_MODULES = YES;
				CLANG_ENABLE_OBJC_ARC = YES;
				CLANG_WARN_BOOL_CONVERSION = YES;
				CLANG_WARN_CONSTANT_CONVERSION = YES;
				CLANG_WARN_DIRECT_OBJC_ISA_USAGE = YES_ERROR;
				CLANG_WARN_DOCUMENTATION_COMMENTS = YES;
				CLANG_WARN_EMPTY_BODY = YES;
				CLANG_WARN_ENUM_CONVERSION = YES;
				CLANG_WARN_INFINITE_RECURSION = YES;
				CLANG_WARN_INT_CONVERSION = YES;
				CLANG_WARN_OBJC_ROOT_CLASS = YES_ERROR;
				CLANG_WARN_SUSPICIOUS_MOVE = YES;
				CLANG_WARN_UNREACHABLE_CODE = YES;
				CLANG_WARN__DUPLICATE_METHOD_MATCH = YES;
				"CODE_SIGN_IDENTITY[sdk=iphoneos*]" = "iPhone Developer";
				COPY_PHASE_STRIP = NO;
				DEBUG_INFORMATION_FORMAT = "dwarf-with-dsym";
				ENABLE_NS_ASSERTIONS = NO;
				ENABLE_STRICT_OBJC_MSGSEND = YES;
				GCC_C_LANGUAGE_STANDARD = gnu99;
				GCC_NO_COMMON_BLOCKS = YES;
				GCC_WARN_64_TO_32_BIT_CONVERSION = YES;
				GCC_WARN_ABOUT_RETURN_TYPE = YES_ERROR;
				GCC_WARN_UNDECLARED_SELECTOR = YES;
				GCC_WARN_UNINITIALIZED_AUTOS = YES_AGGRESSIVE;
				GCC_WARN_UNUSED_FUNCTION = YES;
				GCC_WARN_UNUSED_VARIABLE = YES;
				IPHONEOS_DEPLOYMENT_TARGET = 10.2;
				MTL_ENABLE_DEBUG_INFO = NO;
				SDKROOT = iphoneos;
				SWIFT_OPTIMIZATION_LEVEL = "-Owholemodule";
				TARGETED_DEVICE_FAMILY = "1,2";
				VALIDATE_PRODUCT = YES;
			};
			name = Release;
		};
		84F3D4C61FF01E5D0045544C /* Debug */ = {
			isa = XCBuildConfiguration;
			baseConfigurationReference = C91DD05A617A8820FD2EC7AD /* Pods-iOS_lab2.debug.xcconfig */;
			buildSettings = {
				ASSETCATALOG_COMPILER_APPICON_NAME = AppIcon;
				INFOPLIST_FILE = iOS_lab2/Info.plist;
				LD_RUNPATH_SEARCH_PATHS = "$(inherited) @executable_path/Frameworks";
				PRODUCT_BUNDLE_IDENTIFIER = "a.iOS-lab2";
				PRODUCT_NAME = "$(TARGET_NAME)";
				SWIFT_VERSION = 3.0;
			};
			name = Debug;
		};
		84F3D4C71FF01E5D0045544C /* Release */ = {
			isa = XCBuildConfiguration;
			baseConfigurationReference = 44E678E523288A8ED8A03355 /* Pods-iOS_lab2.release.xcconfig */;
			buildSettings = {
				ASSETCATALOG_COMPILER_APPICON_NAME = AppIcon;
				INFOPLIST_FILE = iOS_lab2/Info.plist;
				LD_RUNPATH_SEARCH_PATHS = "$(inherited) @executable_path/Frameworks";
				PRODUCT_BUNDLE_IDENTIFIER = "a.iOS-lab2";
				PRODUCT_NAME = "$(TARGET_NAME)";
				SWIFT_VERSION = 3.0;
			};
			name = Release;
		};
/* End XCBuildConfiguration section */

/* Begin XCConfigurationList section */
		84F3D4AB1FF01E5B0045544C /* Build configuration list for PBXProject "iOS_lab2" */ = {
			isa = XCConfigurationList;
			buildConfigurations = (
				84F3D4C31FF01E5D0045544C /* Debug */,
				84F3D4C41FF01E5D0045544C /* Release */,
			);
			defaultConfigurationIsVisible = 0;
			defaultConfigurationName = Release;
		};
		84F3D4C51FF01E5D0045544C /* Build configuration list for PBXNativeTarget "iOS_lab2" */ = {
			isa = XCConfigurationList;
			buildConfigurations = (
				84F3D4C61FF01E5D0045544C /* Debug */,
				84F3D4C71FF01E5D0045544C /* Release */,
			);
			defaultConfigurationIsVisible = 0;
			defaultConfigurationName = Release;
		};
/* End XCConfigurationList section */

/* Begin XCVersionGroup section */
		84F3D4BA1FF01E5D0045544C /* iOS_lab2.xcdatamodeld */ = {
			isa = XCVersionGroup;
			children = (
				84F3D4BB1FF01E5D0045544C /* iOS_lab2.xcdatamodel */,
			);
			currentVersion = 84F3D4BB1FF01E5D0045544C /* iOS_lab2.xcdatamodel */;
			path = iOS_lab2.xcdatamodeld;
			sourceTree = "<group>";
			versionGroupType = wrapper.xcdatamodel;
		};
/* End XCVersionGroup section */
	};
	rootObject = 84F3D4A81FF01E5B0045544C /* Project object */;
}
